// !$*UTF8*$!
{
	archiveVersion = 1;
	classes = {
	};
	objectVersion = 56;
	objects = {

/* Begin PBXBuildFile section */
		841FAFDE295B376E00F547F8 /* GoogleService-Info.plist in Resources */ = {isa = PBXBuildFile; fileRef = 841FAFDD295B376E00F547F8 /* GoogleService-Info.plist */; };
		842BB41D295624A900ADCD6C /* AppDelegate.swift in Sources */ = {isa = PBXBuildFile; fileRef = 842BB41C295624A900ADCD6C /* AppDelegate.swift */; };
		842BB41F295624A900ADCD6C /* SceneDelegate.swift in Sources */ = {isa = PBXBuildFile; fileRef = 842BB41E295624A900ADCD6C /* SceneDelegate.swift */; };
		842BB424295624A900ADCD6C /* Main.storyboard in Resources */ = {isa = PBXBuildFile; fileRef = 842BB422295624A900ADCD6C /* Main.storyboard */; };
		842BB426295624AA00ADCD6C /* Assets.xcassets in Resources */ = {isa = PBXBuildFile; fileRef = 842BB425295624AA00ADCD6C /* Assets.xcassets */; };
		842BB429295624AA00ADCD6C /* LaunchScreen.storyboard in Resources */ = {isa = PBXBuildFile; fileRef = 842BB427295624AA00ADCD6C /* LaunchScreen.storyboard */; };
		842BB4342956251300ADCD6C /* LoginVC.swift in Sources */ = {isa = PBXBuildFile; fileRef = 842BB4332956251300ADCD6C /* LoginVC.swift */; };
		842BB4372956282400ADCD6C /* UIView.swift in Sources */ = {isa = PBXBuildFile; fileRef = 842BB4362956282400ADCD6C /* UIView.swift */; };
		842BB43A295639B200ADCD6C /* SignUpVC.swift in Sources */ = {isa = PBXBuildFile; fileRef = 842BB439295639B200ADCD6C /* SignUpVC.swift */; };
		842BB43F29564D4F00ADCD6C /* FirebaseAuth in Frameworks */ = {isa = PBXBuildFile; productRef = 842BB43E29564D4F00ADCD6C /* FirebaseAuth */; };
		842BB44129564D4F00ADCD6C /* FirebaseDatabase in Frameworks */ = {isa = PBXBuildFile; productRef = 842BB44029564D4F00ADCD6C /* FirebaseDatabase */; };
		842BB44329564D4F00ADCD6C /* FirebaseStorage in Frameworks */ = {isa = PBXBuildFile; productRef = 842BB44229564D4F00ADCD6C /* FirebaseStorage */; };
		84E500642956F849000294C3 /* UIColor.swift in Sources */ = {isa = PBXBuildFile; fileRef = 84E500632956F849000294C3 /* UIColor.swift */; };
		84E5006829572C0E000294C3 /* MainTabVC.swift in Sources */ = {isa = PBXBuildFile; fileRef = 84E5006729572C0E000294C3 /* MainTabVC.swift */; };
		84E5006A29573436000294C3 /* FeedVC.swift in Sources */ = {isa = PBXBuildFile; fileRef = 84E5006929573436000294C3 /* FeedVC.swift */; };
		84E5006C29573449000294C3 /* SearchVC.swift in Sources */ = {isa = PBXBuildFile; fileRef = 84E5006B29573449000294C3 /* SearchVC.swift */; };
		84E5006E29573473000294C3 /* UploadPostVC.swift in Sources */ = {isa = PBXBuildFile; fileRef = 84E5006D29573473000294C3 /* UploadPostVC.swift */; };
		84E5007029573498000294C3 /* NotificationsVC.swift in Sources */ = {isa = PBXBuildFile; fileRef = 84E5006F29573498000294C3 /* NotificationsVC.swift */; };
		84E50072295734AF000294C3 /* UserProfileVC.swift in Sources */ = {isa = PBXBuildFile; fileRef = 84E50071295734AF000294C3 /* UserProfileVC.swift */; };
		84E5007A2957A462000294C3 /* UserProfileHeader.swift in Sources */ = {isa = PBXBuildFile; fileRef = 84E500792957A461000294C3 /* UserProfileHeader.swift */; };
/* End PBXBuildFile section */

/* Begin PBXFileReference section */
		841FAFDD295B376E00F547F8 /* GoogleService-Info.plist */ = {isa = PBXFileReference; fileEncoding = 4; lastKnownFileType = text.plist.xml; path = "GoogleService-Info.plist"; sourceTree = "<group>"; };
		842BB419295624A900ADCD6C /* InstagramClone.app */ = {isa = PBXFileReference; explicitFileType = wrapper.application; includeInIndex = 0; path = InstagramClone.app; sourceTree = BUILT_PRODUCTS_DIR; };
		842BB41C295624A900ADCD6C /* AppDelegate.swift */ = {isa = PBXFileReference; lastKnownFileType = sourcecode.swift; path = AppDelegate.swift; sourceTree = "<group>"; };
		842BB41E295624A900ADCD6C /* SceneDelegate.swift */ = {isa = PBXFileReference; lastKnownFileType = sourcecode.swift; path = SceneDelegate.swift; sourceTree = "<group>"; };
		842BB423295624A900ADCD6C /* Base */ = {isa = PBXFileReference; lastKnownFileType = file.storyboard; name = Base; path = Base.lproj/Main.storyboard; sourceTree = "<group>"; };
		842BB425295624AA00ADCD6C /* Assets.xcassets */ = {isa = PBXFileReference; lastKnownFileType = folder.assetcatalog; path = Assets.xcassets; sourceTree = "<group>"; };
		842BB428295624AA00ADCD6C /* Base */ = {isa = PBXFileReference; lastKnownFileType = file.storyboard; name = Base; path = Base.lproj/LaunchScreen.storyboard; sourceTree = "<group>"; };
		842BB42A295624AA00ADCD6C /* Info.plist */ = {isa = PBXFileReference; lastKnownFileType = text.plist.xml; path = Info.plist; sourceTree = "<group>"; };
		842BB4332956251300ADCD6C /* LoginVC.swift */ = {isa = PBXFileReference; lastKnownFileType = sourcecode.swift; path = LoginVC.swift; sourceTree = "<group>"; };
		842BB4362956282400ADCD6C /* UIView.swift */ = {isa = PBXFileReference; lastKnownFileType = sourcecode.swift; path = UIView.swift; sourceTree = "<group>"; };
		842BB439295639B200ADCD6C /* SignUpVC.swift */ = {isa = PBXFileReference; lastKnownFileType = sourcecode.swift; path = SignUpVC.swift; sourceTree = "<group>"; };
		84E500632956F849000294C3 /* UIColor.swift */ = {isa = PBXFileReference; lastKnownFileType = sourcecode.swift; path = UIColor.swift; sourceTree = "<group>"; };
		84E5006729572C0E000294C3 /* MainTabVC.swift */ = {isa = PBXFileReference; lastKnownFileType = sourcecode.swift; path = MainTabVC.swift; sourceTree = "<group>"; };
		84E5006929573436000294C3 /* FeedVC.swift */ = {isa = PBXFileReference; lastKnownFileType = sourcecode.swift; path = FeedVC.swift; sourceTree = "<group>"; };
		84E5006B29573449000294C3 /* SearchVC.swift */ = {isa = PBXFileReference; lastKnownFileType = sourcecode.swift; path = SearchVC.swift; sourceTree = "<group>"; };
		84E5006D29573473000294C3 /* UploadPostVC.swift */ = {isa = PBXFileReference; lastKnownFileType = sourcecode.swift; path = UploadPostVC.swift; sourceTree = "<group>"; };
		84E5006F29573498000294C3 /* NotificationsVC.swift */ = {isa = PBXFileReference; lastKnownFileType = sourcecode.swift; path = NotificationsVC.swift; sourceTree = "<group>"; };
		84E50071295734AF000294C3 /* UserProfileVC.swift */ = {isa = PBXFileReference; lastKnownFileType = sourcecode.swift; path = UserProfileVC.swift; sourceTree = "<group>"; };
		84E500792957A461000294C3 /* UserProfileHeader.swift */ = {isa = PBXFileReference; lastKnownFileType = sourcecode.swift; path = UserProfileHeader.swift; sourceTree = "<group>"; };
/* End PBXFileReference section */

/* Begin PBXFrameworksBuildPhase section */
		842BB416295624A900ADCD6C /* Frameworks */ = {
			isa = PBXFrameworksBuildPhase;
			buildActionMask = 2147483647;
			files = (
				842BB44129564D4F00ADCD6C /* FirebaseDatabase in Frameworks */,
				842BB43F29564D4F00ADCD6C /* FirebaseAuth in Frameworks */,
				842BB44329564D4F00ADCD6C /* FirebaseStorage in Frameworks */,
			);
			runOnlyForDeploymentPostprocessing = 0;
		};
/* End PBXFrameworksBuildPhase section */

/* Begin PBXGroup section */
		841FAFDC295B0D2700F547F8 /* Frameworks */ = {
			isa = PBXGroup;
			children = (
			);
			name = Frameworks;
			sourceTree = "<group>";
		};
		842BB410295624A900ADCD6C = {
			isa = PBXGroup;
			children = (
				842BB41B295624A900ADCD6C /* InstagramClone */,
				842BB41A295624A900ADCD6C /* Products */,
				841FAFDC295B0D2700F547F8 /* Frameworks */,
			);
			sourceTree = "<group>";
		};
		842BB41A295624A900ADCD6C /* Products */ = {
			isa = PBXGroup;
			children = (
				842BB419295624A900ADCD6C /* InstagramClone.app */,
			);
			name = Products;
			sourceTree = "<group>";
		};
		842BB41B295624A900ADCD6C /* InstagramClone */ = {
			isa = PBXGroup;
			children = (
				842BB4382956380C00ADCD6C /* Application */,
				842BB4352956281600ADCD6C /* Utils */,
				842BB430295624C300ADCD6C /* Model */,
				842BB431295624C800ADCD6C /* View */,
				842BB432295624CC00ADCD6C /* Controller */,
				842BB425295624AA00ADCD6C /* Assets.xcassets */,
				841FAFDD295B376E00F547F8 /* GoogleService-Info.plist */,
				842BB427295624AA00ADCD6C /* LaunchScreen.storyboard */,
				842BB42A295624AA00ADCD6C /* Info.plist */,
			);
			path = InstagramClone;
			sourceTree = "<group>";
		};
		842BB430295624C300ADCD6C /* Model */ = {
			isa = PBXGroup;
			children = (
			);
			path = Model;
			sourceTree = "<group>";
		};
		842BB431295624C800ADCD6C /* View */ = {
			isa = PBXGroup;
			children = (
				842BB422295624A900ADCD6C /* Main.storyboard */,
			);
			path = View;
			sourceTree = "<group>";
		};
		842BB432295624CC00ADCD6C /* Controller */ = {
			isa = PBXGroup;
			children = (
				84E5007329573B62000294C3 /* Login */,
				84E5006729572C0E000294C3 /* MainTabVC.swift */,
				84E5007429573D4E000294C3 /* Feed */,
				84E5007529573D58000294C3 /* Search */,
				84E5007629573D62000294C3 /* UploadPost */,
				84E5007729573D69000294C3 /* Notifications */,
				84E5007829573D70000294C3 /* UserProfile */,
			);
			path = Controller;
			sourceTree = "<group>";
		};
		842BB4352956281600ADCD6C /* Utils */ = {
			isa = PBXGroup;
			children = (
				842BB4362956282400ADCD6C /* UIView.swift */,
				84E500632956F849000294C3 /* UIColor.swift */,
			);
			path = Utils;
			sourceTree = "<group>";
		};
		842BB4382956380C00ADCD6C /* Application */ = {
			isa = PBXGroup;
			children = (
				842BB41C295624A900ADCD6C /* AppDelegate.swift */,
				842BB41E295624A900ADCD6C /* SceneDelegate.swift */,
			);
			path = Application;
			sourceTree = "<group>";
		};
		84E5007329573B62000294C3 /* Login */ = {
			isa = PBXGroup;
			children = (
				842BB4332956251300ADCD6C /* LoginVC.swift */,
				842BB439295639B200ADCD6C /* SignUpVC.swift */,
			);
			path = Login;
			sourceTree = "<group>";
		};
		84E5007429573D4E000294C3 /* Feed */ = {
			isa = PBXGroup;
			children = (
				84E5006929573436000294C3 /* FeedVC.swift */,
			);
			path = Feed;
			sourceTree = "<group>";
		};
		84E5007529573D58000294C3 /* Search */ = {
			isa = PBXGroup;
			children = (
				84E5006B29573449000294C3 /* SearchVC.swift */,
			);
			path = Search;
			sourceTree = "<group>";
		};
		84E5007629573D62000294C3 /* UploadPost */ = {
			isa = PBXGroup;
			children = (
				84E5006D29573473000294C3 /* UploadPostVC.swift */,
			);
			path = UploadPost;
			sourceTree = "<group>";
		};
		84E5007729573D69000294C3 /* Notifications */ = {
			isa = PBXGroup;
			children = (
				84E5006F29573498000294C3 /* NotificationsVC.swift */,
			);
			path = Notifications;
			sourceTree = "<group>";
		};
		84E5007829573D70000294C3 /* UserProfile */ = {
			isa = PBXGroup;
			children = (
				84E50071295734AF000294C3 /* UserProfileVC.swift */,
				84E500792957A461000294C3 /* UserProfileHeader.swift */,
			);
			name = UserProfile;
			sourceTree = "<group>";
		};
/* End PBXGroup section */

/* Begin PBXNativeTarget section */
		842BB418295624A900ADCD6C /* InstagramClone */ = {
			isa = PBXNativeTarget;
			buildConfigurationList = 842BB42D295624AA00ADCD6C /* Build configuration list for PBXNativeTarget "InstagramClone" */;
			buildPhases = (
				842BB415295624A900ADCD6C /* Sources */,
				842BB416295624A900ADCD6C /* Frameworks */,
				842BB417295624A900ADCD6C /* Resources */,
			);
			buildRules = (
			);
			dependencies = (
			);
			name = InstagramClone;
			packageProductDependencies = (
				842BB43E29564D4F00ADCD6C /* FirebaseAuth */,
				842BB44029564D4F00ADCD6C /* FirebaseDatabase */,
				842BB44229564D4F00ADCD6C /* FirebaseStorage */,
			);
			productName = InstagramClone;
			productReference = 842BB419295624A900ADCD6C /* InstagramClone.app */;
			productType = "com.apple.product-type.application";
		};
/* End PBXNativeTarget section */

/* Begin PBXProject section */
		842BB411295624A900ADCD6C /* Project object */ = {
			isa = PBXProject;
			attributes = {
				BuildIndependentTargetsInParallel = 1;
				LastSwiftUpdateCheck = 1410;
				LastUpgradeCheck = 1410;
				TargetAttributes = {
					842BB418295624A900ADCD6C = {
						CreatedOnToolsVersion = 14.1;
					};
				};
			};
			buildConfigurationList = 842BB414295624A900ADCD6C /* Build configuration list for PBXProject "InstagramClone" */;
			compatibilityVersion = "Xcode 14.0";
			developmentRegion = en;
			hasScannedForEncodings = 0;
			knownRegions = (
				en,
				Base,
			);
			mainGroup = 842BB410295624A900ADCD6C;
			packageReferences = (
				842BB43D29564D4F00ADCD6C /* XCRemoteSwiftPackageReference "firebase-ios-sdk" */,
			);
			productRefGroup = 842BB41A295624A900ADCD6C /* Products */;
			projectDirPath = "";
			projectRoot = "";
			targets = (
				842BB418295624A900ADCD6C /* InstagramClone */,
			);
		};
/* End PBXProject section */

/* Begin PBXResourcesBuildPhase section */
		842BB417295624A900ADCD6C /* Resources */ = {
			isa = PBXResourcesBuildPhase;
			buildActionMask = 2147483647;
			files = (
				842BB429295624AA00ADCD6C /* LaunchScreen.storyboard in Resources */,
				841FAFDE295B376E00F547F8 /* GoogleService-Info.plist in Resources */,
				842BB426295624AA00ADCD6C /* Assets.xcassets in Resources */,
				842BB424295624A900ADCD6C /* Main.storyboard in Resources */,
			);
			runOnlyForDeploymentPostprocessing = 0;
		};
/* End PBXResourcesBuildPhase section */

/* Begin PBXSourcesBuildPhase section */
		842BB415295624A900ADCD6C /* Sources */ = {
			isa = PBXSourcesBuildPhase;
			buildActionMask = 2147483647;
			files = (
				84E5007A2957A462000294C3 /* UserProfileHeader.swift in Sources */,
				842BB41D295624A900ADCD6C /* AppDelegate.swift in Sources */,
				84E5006E29573473000294C3 /* UploadPostVC.swift in Sources */,
				84E500642956F849000294C3 /* UIColor.swift in Sources */,
				842BB4342956251300ADCD6C /* LoginVC.swift in Sources */,
				84E5006C29573449000294C3 /* SearchVC.swift in Sources */,
				84E5007029573498000294C3 /* NotificationsVC.swift in Sources */,
				842BB41F295624A900ADCD6C /* SceneDelegate.swift in Sources */,
				84E5006A29573436000294C3 /* FeedVC.swift in Sources */,
				842BB43A295639B200ADCD6C /* SignUpVC.swift in Sources */,
				84E5006829572C0E000294C3 /* MainTabVC.swift in Sources */,
				842BB4372956282400ADCD6C /* UIView.swift in Sources */,
				84E50072295734AF000294C3 /* UserProfileVC.swift in Sources */,
			);
			runOnlyForDeploymentPostprocessing = 0;
		};
/* End PBXSourcesBuildPhase section */

/* Begin PBXVariantGroup section */
		842BB422295624A900ADCD6C /* Main.storyboard */ = {
			isa = PBXVariantGroup;
			children = (
				842BB423295624A900ADCD6C /* Base */,
			);
			name = Main.storyboard;
			sourceTree = "<group>";
		};
		842BB427295624AA00ADCD6C /* LaunchScreen.storyboard */ = {
			isa = PBXVariantGroup;
			children = (
				842BB428295624AA00ADCD6C /* Base */,
			);
			name = LaunchScreen.storyboard;
			sourceTree = "<group>";
		};
/* End PBXVariantGroup section */

/* Begin XCBuildConfiguration section */
		842BB42B295624AA00ADCD6C /* Debug */ = {
			isa = XCBuildConfiguration;
			buildSettings = {
				ALWAYS_SEARCH_USER_PATHS = NO;
				CLANG_ANALYZER_NONNULL = YES;
				CLANG_ANALYZER_NUMBER_OBJECT_CONVERSION = YES_AGGRESSIVE;
				CLANG_CXX_LANGUAGE_STANDARD = "gnu++20";
				CLANG_ENABLE_MODULES = YES;
				CLANG_ENABLE_OBJC_ARC = YES;
				CLANG_ENABLE_OBJC_WEAK = YES;
				CLANG_WARN_BLOCK_CAPTURE_AUTORELEASING = YES;
				CLANG_WARN_BOOL_CONVERSION = YES;
				CLANG_WARN_COMMA = YES;
				CLANG_WARN_CONSTANT_CONVERSION = YES;
				CLANG_WARN_DEPRECATED_OBJC_IMPLEMENTATIONS = YES;
				CLANG_WARN_DIRECT_OBJC_ISA_USAGE = YES_ERROR;
				CLANG_WARN_DOCUMENTATION_COMMENTS = YES;
				CLANG_WARN_EMPTY_BODY = YES;
				CLANG_WARN_ENUM_CONVERSION = YES;
				CLANG_WARN_INFINITE_RECURSION = YES;
				CLANG_WARN_INT_CONVERSION = YES;
				CLANG_WARN_NON_LITERAL_NULL_CONVERSION = YES;
				CLANG_WARN_OBJC_IMPLICIT_RETAIN_SELF = YES;
				CLANG_WARN_OBJC_LITERAL_CONVERSION = YES;
				CLANG_WARN_OBJC_ROOT_CLASS = YES_ERROR;
				CLANG_WARN_QUOTED_INCLUDE_IN_FRAMEWORK_HEADER = YES;
				CLANG_WARN_RANGE_LOOP_ANALYSIS = YES;
				CLANG_WARN_STRICT_PROTOTYPES = YES;
				CLANG_WARN_SUSPICIOUS_MOVE = YES;
				CLANG_WARN_UNGUARDED_AVAILABILITY = YES_AGGRESSIVE;
				CLANG_WARN_UNREACHABLE_CODE = YES;
				CLANG_WARN__DUPLICATE_METHOD_MATCH = YES;
				COPY_PHASE_STRIP = NO;
				DEBUG_INFORMATION_FORMAT = dwarf;
				ENABLE_STRICT_OBJC_MSGSEND = YES;
				ENABLE_TESTABILITY = YES;
				GCC_C_LANGUAGE_STANDARD = gnu11;
				GCC_DYNAMIC_NO_PIC = NO;
				GCC_NO_COMMON_BLOCKS = YES;
				GCC_OPTIMIZATION_LEVEL = 0;
				GCC_PREPROCESSOR_DEFINITIONS = (
					"DEBUG=1",
					"$(inherited)",
				);
				GCC_WARN_64_TO_32_BIT_CONVERSION = YES;
				GCC_WARN_ABOUT_RETURN_TYPE = YES_ERROR;
				GCC_WARN_UNDECLARED_SELECTOR = YES;
				GCC_WARN_UNINITIALIZED_AUTOS = YES_AGGRESSIVE;
				GCC_WARN_UNUSED_FUNCTION = YES;
				GCC_WARN_UNUSED_VARIABLE = YES;
				IPHONEOS_DEPLOYMENT_TARGET = 16.1;
				MTL_ENABLE_DEBUG_INFO = INCLUDE_SOURCE;
				MTL_FAST_MATH = YES;
				ONLY_ACTIVE_ARCH = YES;
				SDKROOT = iphoneos;
				SWIFT_ACTIVE_COMPILATION_CONDITIONS = DEBUG;
				SWIFT_OPTIMIZATION_LEVEL = "-Onone";
			};
			name = Debug;
		};
		842BB42C295624AA00ADCD6C /* Release */ = {
			isa = XCBuildConfiguration;
			buildSettings = {
				ALWAYS_SEARCH_USER_PATHS = NO;
				CLANG_ANALYZER_NONNULL = YES;
				CLANG_ANALYZER_NUMBER_OBJECT_CONVERSION = YES_AGGRESSIVE;
				CLANG_CXX_LANGUAGE_STANDARD = "gnu++20";
				CLANG_ENABLE_MODULES = YES;
				CLANG_ENABLE_OBJC_ARC = YES;
				CLANG_ENABLE_OBJC_WEAK = YES;
				CLANG_WARN_BLOCK_CAPTURE_AUTORELEASING = YES;
				CLANG_WARN_BOOL_CONVERSION = YES;
				CLANG_WARN_COMMA = YES;
				CLANG_WARN_CONSTANT_CONVERSION = YES;
				CLANG_WARN_DEPRECATED_OBJC_IMPLEMENTATIONS = YES;
				CLANG_WARN_DIRECT_OBJC_ISA_USAGE = YES_ERROR;
				CLANG_WARN_DOCUMENTATION_COMMENTS = YES;
				CLANG_WARN_EMPTY_BODY = YES;
				CLANG_WARN_ENUM_CONVERSION = YES;
				CLANG_WARN_INFINITE_RECURSION = YES;
				CLANG_WARN_INT_CONVERSION = YES;
				CLANG_WARN_NON_LITERAL_NULL_CONVERSION = YES;
				CLANG_WARN_OBJC_IMPLICIT_RETAIN_SELF = YES;
				CLANG_WARN_OBJC_LITERAL_CONVERSION = YES;
				CLANG_WARN_OBJC_ROOT_CLASS = YES_ERROR;
				CLANG_WARN_QUOTED_INCLUDE_IN_FRAMEWORK_HEADER = YES;
				CLANG_WARN_RANGE_LOOP_ANALYSIS = YES;
				CLANG_WARN_STRICT_PROTOTYPES = YES;
				CLANG_WARN_SUSPICIOUS_MOVE = YES;
				CLANG_WARN_UNGUARDED_AVAILABILITY = YES_AGGRESSIVE;
				CLANG_WARN_UNREACHABLE_CODE = YES;
				CLANG_WARN__DUPLICATE_METHOD_MATCH = YES;
				COPY_PHASE_STRIP = NO;
				DEBUG_INFORMATION_FORMAT = "dwarf-with-dsym";
				ENABLE_NS_ASSERTIONS = NO;
				ENABLE_STRICT_OBJC_MSGSEND = YES;
				GCC_C_LANGUAGE_STANDARD = gnu11;
				GCC_NO_COMMON_BLOCKS = YES;
				GCC_WARN_64_TO_32_BIT_CONVERSION = YES;
				GCC_WARN_ABOUT_RETURN_TYPE = YES_ERROR;
				GCC_WARN_UNDECLARED_SELECTOR = YES;
				GCC_WARN_UNINITIALIZED_AUTOS = YES_AGGRESSIVE;
				GCC_WARN_UNUSED_FUNCTION = YES;
				GCC_WARN_UNUSED_VARIABLE = YES;
				IPHONEOS_DEPLOYMENT_TARGET = 16.1;
				MTL_ENABLE_DEBUG_INFO = NO;
				MTL_FAST_MATH = YES;
				SDKROOT = iphoneos;
				SWIFT_COMPILATION_MODE = wholemodule;
				SWIFT_OPTIMIZATION_LEVEL = "-O";
				VALIDATE_PRODUCT = YES;
			};
			name = Release;
		};
		842BB42E295624AA00ADCD6C /* Debug */ = {
			isa = XCBuildConfiguration;
			buildSettings = {
				ASSETCATALOG_COMPILER_APPICON_NAME = AppIcon;
				ASSETCATALOG_COMPILER_GLOBAL_ACCENT_COLOR_NAME = AccentColor;
				CODE_SIGN_STYLE = Automatic;
				CURRENT_PROJECT_VERSION = 1;
				DEVELOPMENT_TEAM = 23JT2Q6K2U;
				GENERATE_INFOPLIST_FILE = YES;
				INFOPLIST_FILE = InstagramClone/Info.plist;
				INFOPLIST_KEY_UIApplicationSupportsIndirectInputEvents = YES;
				INFOPLIST_KEY_UILaunchStoryboardName = LaunchScreen;
				INFOPLIST_KEY_UIMainStoryboardFile = Main;
				INFOPLIST_KEY_UISupportedInterfaceOrientations_iPad = "UIInterfaceOrientationPortrait UIInterfaceOrientationPortraitUpsideDown UIInterfaceOrientationLandscapeLeft UIInterfaceOrientationLandscapeRight";
				INFOPLIST_KEY_UISupportedInterfaceOrientations_iPhone = "UIInterfaceOrientationPortrait UIInterfaceOrientationLandscapeLeft UIInterfaceOrientationLandscapeRight";
				LD_RUNPATH_SEARCH_PATHS = (
					"$(inherited)",
					"@executable_path/Frameworks",
				);
				MARKETING_VERSION = 1.0;
				PRODUCT_BUNDLE_IDENTIFIER = cem.InstagramClone;
				PRODUCT_NAME = "$(TARGET_NAME)";
				SWIFT_EMIT_LOC_STRINGS = YES;
				SWIFT_VERSION = 5.0;
				TARGETED_DEVICE_FAMILY = "1,2";
			};
			name = Debug;
		};
		842BB42F295624AA00ADCD6C /* Release */ = {
			isa = XCBuildConfiguration;
			buildSettings = {
				ASSETCATALOG_COMPILER_APPICON_NAME = AppIcon;
				ASSETCATALOG_COMPILER_GLOBAL_ACCENT_COLOR_NAME = AccentColor;
				CODE_SIGN_STYLE = Automatic;
				CURRENT_PROJECT_VERSION = 1;
				DEVELOPMENT_TEAM = 23JT2Q6K2U;
				GENERATE_INFOPLIST_FILE = YES;
				INFOPLIST_FILE = InstagramClone/Info.plist;
				INFOPLIST_KEY_UIApplicationSupportsIndirectInputEvents = YES;
				INFOPLIST_KEY_UILaunchStoryboardName = LaunchScreen;
				INFOPLIST_KEY_UIMainStoryboardFile = Main;
				INFOPLIST_KEY_UISupportedInterfaceOrientations_iPad = "UIInterfaceOrientationPortrait UIInterfaceOrientationPortraitUpsideDown UIInterfaceOrientationLandscapeLeft UIInterfaceOrientationLandscapeRight";
				INFOPLIST_KEY_UISupportedInterfaceOrientations_iPhone = "UIInterfaceOrientationPortrait UIInterfaceOrientationLandscapeLeft UIInterfaceOrientationLandscapeRight";
				LD_RUNPATH_SEARCH_PATHS = (
					"$(inherited)",
					"@executable_path/Frameworks",
				);
				MARKETING_VERSION = 1.0;
				PRODUCT_BUNDLE_IDENTIFIER = cem.InstagramClone;
				PRODUCT_NAME = "$(TARGET_NAME)";
				SWIFT_EMIT_LOC_STRINGS = YES;
				SWIFT_VERSION = 5.0;
				TARGETED_DEVICE_FAMILY = "1,2";
			};
			name = Release;
		};
/* End XCBuildConfiguration section */

/* Begin XCConfigurationList section */
		842BB414295624A900ADCD6C /* Build configuration list for PBXProject "InstagramClone" */ = {
			isa = XCConfigurationList;
			buildConfigurations = (
				842BB42B295624AA00ADCD6C /* Debug */,
				842BB42C295624AA00ADCD6C /* Release */,
			);
			defaultConfigurationIsVisible = 0;
			defaultConfigurationName = Release;
		};
		842BB42D295624AA00ADCD6C /* Build configuration list for PBXNativeTarget "InstagramClone" */ = {
			isa = XCConfigurationList;
			buildConfigurations = (
				842BB42E295624AA00ADCD6C /* Debug */,
				842BB42F295624AA00ADCD6C /* Release */,
			);
			defaultConfigurationIsVisible = 0;
			defaultConfigurationName = Release;
		};
/* End XCConfigurationList section */

/* Begin XCRemoteSwiftPackageReference section */
		842BB43D29564D4F00ADCD6C /* XCRemoteSwiftPackageReference "firebase-ios-sdk" */ = {
			isa = XCRemoteSwiftPackageReference;
			repositoryURL = "https://github.com/firebase/firebase-ios-sdk";
			requirement = {
				kind = upToNextMajorVersion;
				minimumVersion = 9.0.0;
			};
		};
/* End XCRemoteSwiftPackageReference section */

/* Begin XCSwiftPackageProductDependency section */
		842BB43E29564D4F00ADCD6C /* FirebaseAuth */ = {
			isa = XCSwiftPackageProductDependency;
			package = 842BB43D29564D4F00ADCD6C /* XCRemoteSwiftPackageReference "firebase-ios-sdk" */;
			productName = FirebaseAuth;
		};
		842BB44029564D4F00ADCD6C /* FirebaseDatabase */ = {
			isa = XCSwiftPackageProductDependency;
			package = 842BB43D29564D4F00ADCD6C /* XCRemoteSwiftPackageReference "firebase-ios-sdk" */;
			productName = FirebaseDatabase;
		};
		842BB44229564D4F00ADCD6C /* FirebaseStorage */ = {
			isa = XCSwiftPackageProductDependency;
			package = 842BB43D29564D4F00ADCD6C /* XCRemoteSwiftPackageReference "firebase-ios-sdk" */;
			productName = FirebaseStorage;
		};
/* End XCSwiftPackageProductDependency section */
	};
	rootObject = 842BB411295624A900ADCD6C /* Project object */;
}
